
Microsoft Visual Studio Solution File, Format Version 12.00
# Visual Studio Version 17
VisualStudioVersion = 17.5.33516.290
MinimumVisualStudioVersion = 10.0.40219.1
Project("{FAE04EC0-301F-11D3-BF4B-00C04F79EFBC}") = "BlazorFullStackCrud.Server", "BlazorFullStackCrud\Server\BlazorFullStackCrud.Server.csproj", "{AE59EBC6-4838-4201-8B22-BD251B4AB374}"
EndProject
Project("{FAE04EC0-301F-11D3-BF4B-00C04F79EFBC}") = "BlazorFullStackCrud.Client", "BlazorFullStackCrud\Client\BlazorFullStackCrud.Client.csproj", "{52003F05-29BF-43C1-A97A-C6F3962ED7D0}"
EndProject
Project("{FAE04EC0-301F-11D3-BF4B-00C04F79EFBC}") = "BlazorFullStackCrud.Shared", "BlazorFullStackCrud\Shared\BlazorFullStackCrud.Shared.csproj", "{94998384-EF15-426E-A5D6-972BC360920A}"
EndProject
Global
	GlobalSection(SolutionConfigurationPlatforms) = preSolution
		Debug|Any CPU = Debug|Any CPU
		Release|Any CPU = Release|Any CPU
	EndGlobalSection
	GlobalSection(ProjectConfigurationPlatforms) = postSolution
		{AE59EBC6-4838-4201-8B22-BD251B4AB374}.Debug|Any CPU.ActiveCfg = Debug|Any CPU
		{AE59EBC6-4838-4201-8B22-BD251B4AB374}.Debug|Any CPU.Build.0 = Debug|Any CPU
		{AE59EBC6-4838-4201-8B22-BD251B4AB374}.Release|Any CPU.ActiveCfg = Release|Any CPU
		{AE59EBC6-4838-4201-8B22-BD251B4AB374}.Release|Any CPU.Build.0 = Release|Any CPU
		{52003F05-29BF-43C1-A97A-C6F3962ED7D0}.Debug|Any CPU.ActiveCfg = Debug|Any CPU
		{52003F05-29BF-43C1-A97A-C6F3962ED7D0}.Debug|Any CPU.Build.0 = Debug|Any CPU
		{52003F05-29BF-43C1-A97A-C6F3962ED7D0}.Release|Any CPU.ActiveCfg = Release|Any CPU
		{52003F05-29BF-43C1-A97A-C6F3962ED7D0}.Release|Any CPU.Build.0 = Release|Any CPU
		{94998384-EF15-426E-A5D6-972BC360920A}.Debug|Any CPU.ActiveCfg = Debug|Any CPU
		{94998384-EF15-426E-A5D6-972BC360920A}.Debug|Any CPU.Build.0 = Debug|Any CPU
		{94998384-EF15-426E-A5D6-972BC360920A}.Release|Any CPU.ActiveCfg = Release|Any CPU
		{94998384-EF15-426E-A5D6-972BC360920A}.Release|Any CPU.Build.0 = Release|Any CPU
	EndGlobalSection
	GlobalSection(SolutionProperties) = preSolution
		HideSolutionNode = FALSE
	EndGlobalSection
	GlobalSection(ExtensibilityGlobals) = postSolution
		SolutionGuid = {91BCCBAA-52E9-47BD-9538-E2F3EDE84A13}
	EndGlobalSection
EndGlobal
